PODS:
  - aiuta_flutter (3.3.5):
    - AiutaSdk (= 3.3.5)
    - Flutter
  - AiutaKit (3.3.3):
    - Alamofire (~> 5.8.1)
    - Kingfisher (~> 7.12.0)
    - Resolver (~> 1.5.1)
  - AiutaSdk (3.3.5):
    - AiutaKit (= 3.3.3)
    - Alamofire (~> 5.8.1)
    - Kingfisher (~> 7.12.0)
    - Resolver (~> 1.5.1)
  - Alamofire (5.8.1)
  - Flutter (1.0.0)
  - integration_test (0.0.1):
    - Flutter
  - Kingfisher (7.12.0)
  - Resolver (1.5.1)

DEPENDENCIES:
  - aiuta_flutter (from `.symlinks/plugins/aiuta_flutter/ios`)
  - Flutter (from `Flutter`)
  - integration_test (from `.symlinks/plugins/integration_test/ios`)

SPEC REPOS:
  trunk:
    - AiutaKit
    - AiutaSdk
    - Alamofire
    - Kingfisher
    - Resolver

EXTERNAL SOURCES:
  aiuta_flutter:
    :path: ".symlinks/plugins/aiuta_flutter/ios"
  Flutter:
    :path: Flutter
  integration_test:
    :path: ".symlinks/plugins/integration_test/ios"

SPEC CHECKSUMS:
  aiuta_flutter: d99f952a4ea911ded8328d86679a16db2403aca0
  AiutaKit: 464a097337a669585d9b0b2379997713815b87a4
  AiutaSdk: 7d1037877893ee78c98b209fac2753d993ba1766
  Alamofire: 3ca42e259043ee0dc5c0cdd76c4bc568b8e42af7
  Flutter: e0871f40cf51350855a761d2e70bf5af5b9b5de7
  integration_test: 252f60fa39af5e17c3aa9899d35d908a0721b573
  Kingfisher: 53a10ea35051a436b5fb626ca2dd8f3144d755e9
  Resolver: 0e2ce51257e9366c54afe1b9e9be25059e9b9300

PODFILE CHECKSUM: 819463e6a0290f5a72f145ba7cde16e8b6ef0796

COCOAPODS: 1.16.2
